git.fractalqb.de/fractalqb/c4hgol v0.10.4 h1:zomUzJTrazoAKsabEbL0qSLVSbPdF4hxEF1fnBOtaDA=
git.fractalqb.de/fractalqb/c4hgol v0.10.4/go.mod h1:WaEjUnHxxec4RshLTh6cbtbzTnaYYgsK01gjrkBmuoo=
git.fractalqb.de/fractalqb/c4qblog v0.9.7 h1:uGpbVf8cQKj/ogLZRGn7mQ52iQ5jsH7eayzK04WO0XI=
git.fractalqb.de/fractalqb/c4qblog v0.9.7/go.mod h1:bhOr8JN6ooFkACQ6sk2Ttvql1b09KnCtztC8APZZRNM=
git.fractalqb.de/fractalqb/qblog v0.10.1 h1:ZKYPNA7Cy/iSA2mWRsptVf+xeX+Lfzl0Nzm8OreagFA=
git.fractalqb.de/fractalqb/qblog v0.10.1/go.mod h1:cQS2sL/5ZzPpCG/vjuKBfSk540bnj+w2vtF5px89L8c=
git.fractalqb.de/fractalqb/sllm v1.0.1 h1:nw9w86xJrBXmAy+E9Sh04+03ZKSjSwTyXuoKsY3E5aU=
git.fractalqb.de/fractalqb/sllm v1.0.1/go.mod h1:FP5GT2IDYvQvTqrosd9Dnd9BfcOeKZnp8LgPbFiJuSA=
github.com/mattn/go-sqlite3 v1.14.8 h1:gDp86IdQsN/xWjIEmr9MF6o9mpksUgh0fu+9ByFxzIU=
github.com/mattn/go-sqlite3 v1.14.8/go.mod h1:NyWgC/yNuGj7Q9rpYnZvas74GogHl5/Z4A/KQRfk6bU=
