git.fractalqb.de/fractalqb/c4hgol v0.10.3 h1:ggZJAbAfpqKW4A6tdLm/RDT4usC73FbZcTHeZl//wsw=
git.fractalqb.de/fractalqb/c4hgol v0.10.3/go.mod h1:WaEjUnHxxec4RshLTh6cbtbzTnaYYgsK01gjrkBmuoo=
git.fractalqb.de/fractalqb/c4qblog v0.9.5 h1:25/DD4UfH57jBBUAdZWGICmiPl5uWjtpme2XIMn/0zc=
git.fractalqb.de/fractalqb/c4qblog v0.9.5/go.mod h1:JjSdWElDosF68a6PTfejzL0GzPqkSwVToQLJH8Tce2Q=
git.fractalqb.de/fractalqb/qblog v0.10.0 h1:5i7CYmrLtJylA/RecpP3IBp3kJVcwHFR5BtMgTLkcdI=
git.fractalqb.de/fractalqb/qblog v0.10.0/go.mod h1:cQS2sL/5ZzPpCG/vjuKBfSk540bnj+w2vtF5px89L8c=
git.fractalqb.de/fractalqb/sllm v0.11.1 h1:fcLEQF0Asc36BpTqYr1diJ66g+Fm7yYlW4DLOU8QpNk=
git.fractalqb.de/fractalqb/sllm v0.11.1/go.mod h1:FlGIXCoFd6kE9FExAmiZ2CPWrUG8mRdm+fa44zOgPYI=
