git.fractalqb.de/fractalqb/c4hgol v0.0.0-20190830190212-4709353c67e8 h1:spMfBexnxZIubNDWwni4ds3KVbgA92z1aU9vWIT/sHI=
git.fractalqb.de/fractalqb/c4hgol v0.0.0-20190830190212-4709353c67e8/go.mod h1:hhreugbmR1r+X88Yy9/m5oqMY0zh4HKheuuBlK58Cwk=
git.fractalqb.de/fractalqb/c4hgol v0.9.0 h1:rliYMA6FvOgKN9zur7FrHpNqpKRKcQJqH7LVXsyM7CY=
git.fractalqb.de/fractalqb/c4hgol v0.9.0/go.mod h1:WaEjUnHxxec4RshLTh6cbtbzTnaYYgsK01gjrkBmuoo=
git.fractalqb.de/fractalqb/c4qblog v0.0.0-20190803191819-d692ace49dc8 h1:q2bwAiSw/Hc9UkOk+dZEJbUk+4HOCE59Ao4iaGds78Q=
git.fractalqb.de/fractalqb/c4qblog v0.0.0-20190803191819-d692ace49dc8/go.mod h1:kr4mSFr43ftY1yiWhk3NeIOOcKHqjJkFyqQVru1J34Y=
git.fractalqb.de/fractalqb/c4qblog v0.9.0 h1:CSStzfIwzCJu+3DolOSlm6sSqh9haZS9R7CWZeMQsh8=
git.fractalqb.de/fractalqb/c4qblog v0.9.0/go.mod h1:xWovUEY5CD6RdCPOekyQRw/RVz8G2JBzt2m6rbbVohE=
git.fractalqb.de/fractalqb/qblog v0.0.0-20190803192019-7287d45e8c07 h1:t0tsCXwg8L7hqWidoHQzoXivHRhWP0VJMIvmAIF7JZ0=
git.fractalqb.de/fractalqb/qblog v0.0.0-20190803192019-7287d45e8c07/go.mod h1:Xgw1B1jdM7g0oR9QWC5Im2cgkmnoFk0VHd9gF9ITowY=
git.fractalqb.de/fractalqb/qblog v0.9.0 h1:3Hbj1t79z928cw0HF5qujsfCieCXUQ60x+Baurigfj0=
git.fractalqb.de/fractalqb/qblog v0.9.0/go.mod h1:cQS2sL/5ZzPpCG/vjuKBfSk540bnj+w2vtF5px89L8c=
git.fractalqb.de/fractalqb/sllm v0.0.0-20190209134424-45af6b7e8892 h1:QgeN0LyPevBeYGDYtMrLDt5LgJzpweKP9CSjOoTTqRc=
git.fractalqb.de/fractalqb/sllm v0.0.0-20190209134424-45af6b7e8892/go.mod h1:+PsXGJEvsaEaSzfV4YF3IgtUtUGl7XrFc+437UFyzZg=
git.fractalqb.de/fractalqb/sllm v0.9.0 h1:9FqsK21XFB2XVVel13j0d9xu8FqWdnemAh1xkYiVwPw=
git.fractalqb.de/fractalqb/sllm v0.9.0/go.mod h1:FlGIXCoFd6kE9FExAmiZ2CPWrUG8mRdm+fa44zOgPYI=
